
Microsoft Visual Studio Solution File, Format Version 12.00
# Visual Studio Version 17
VisualStudioVersion = 17.5.33424.131
MinimumVisualStudioVersion = 10.0.40219.1
Project("{54A90642-561A-4BB1-A94E-469ADEE60C69}") = "globe", "globe\globe.esproj", "{9D6A9925-D273-4470-96FA-E5C37DC1965F}"
EndProject
Global
	GlobalSection(SolutionConfigurationPlatforms) = preSolution
		Debug|Any CPU = Debug|Any CPU
		Release|Any CPU = Release|Any CPU
	EndGlobalSection
	GlobalSection(ProjectConfigurationPlatforms) = postSolution
		{9D6A9925-D273-4470-96FA-E5C37DC1965F}.Debug|Any CPU.ActiveCfg = Debug|Any CPU
		{9D6A9925-D273-4470-96FA-E5C37DC1965F}.Debug|Any CPU.Build.0 = Debug|Any CPU
		{9D6A9925-D273-4470-96FA-E5C37DC1965F}.Debug|Any CPU.Deploy.0 = Debug|Any CPU
		{9D6A9925-D273-4470-96FA-E5C37DC1965F}.Release|Any CPU.ActiveCfg = Release|Any CPU
		{9D6A9925-D273-4470-96FA-E5C37DC1965F}.Release|Any CPU.Build.0 = Release|Any CPU
		{9D6A9925-D273-4470-96FA-E5C37DC1965F}.Release|Any CPU.Deploy.0 = Release|Any CPU
	EndGlobalSection
	GlobalSection(SolutionProperties) = preSolution
		HideSolutionNode = FALSE
	EndGlobalSection
	GlobalSection(ExtensibilityGlobals) = postSolution
		SolutionGuid = {B0D12604-F2A6-4E85-B93B-EF95851D8B4A}
	EndGlobalSection
EndGlobal
